
Microsoft Visual Studio Solution File, Format Version 12.00
# Visual Studio Version 17
VisualStudioVersion = 17.2.32519.379
MinimumVisualStudioVersion = 10.0.40219.1
Project("{9A19103F-16F7-4668-BE54-9A1E7A4F7556}") = "DAL", "DAL\DAL.csproj", "{B70C91EC-092B-434B-81C6-02840045EB2F}"
EndProject
Project("{9A19103F-16F7-4668-BE54-9A1E7A4F7556}") = "AuctionTests", "AuctionTests\AuctionTests.csproj", "{EAD0C3A8-0D76-4695-9215-44B776C92191}"
EndProject
Project("{9A19103F-16F7-4668-BE54-9A1E7A4F7556}") = "BLL", "BLL\BLL.csproj", "{32E2B35A-B609-4FFE-A878-7058F073891D}"
EndProject
Project("{FAE04EC0-301F-11D3-BF4B-00C04F79EFBC}") = "Web API", "Web API\Web API.csproj", "{FC578926-2462-4726-9EE4-34CB581D59B8}"
EndProject
Global
	GlobalSection(SolutionConfigurationPlatforms) = preSolution
		Debug|Any CPU = Debug|Any CPU
		Release|Any CPU = Release|Any CPU
	EndGlobalSection
	GlobalSection(ProjectConfigurationPlatforms) = postSolution
		{B70C91EC-092B-434B-81C6-02840045EB2F}.Debug|Any CPU.ActiveCfg = Debug|Any CPU
		{B70C91EC-092B-434B-81C6-02840045EB2F}.Debug|Any CPU.Build.0 = Debug|Any CPU
		{B70C91EC-092B-434B-81C6-02840045EB2F}.Release|Any CPU.ActiveCfg = Release|Any CPU
		{B70C91EC-092B-434B-81C6-02840045EB2F}.Release|Any CPU.Build.0 = Release|Any CPU
		{EAD0C3A8-0D76-4695-9215-44B776C92191}.Debug|Any CPU.ActiveCfg = Debug|Any CPU
		{EAD0C3A8-0D76-4695-9215-44B776C92191}.Debug|Any CPU.Build.0 = Debug|Any CPU
		{EAD0C3A8-0D76-4695-9215-44B776C92191}.Release|Any CPU.ActiveCfg = Release|Any CPU
		{EAD0C3A8-0D76-4695-9215-44B776C92191}.Release|Any CPU.Build.0 = Release|Any CPU
		{32E2B35A-B609-4FFE-A878-7058F073891D}.Debug|Any CPU.ActiveCfg = Debug|Any CPU
		{32E2B35A-B609-4FFE-A878-7058F073891D}.Debug|Any CPU.Build.0 = Debug|Any CPU
		{32E2B35A-B609-4FFE-A878-7058F073891D}.Release|Any CPU.ActiveCfg = Release|Any CPU
		{32E2B35A-B609-4FFE-A878-7058F073891D}.Release|Any CPU.Build.0 = Release|Any CPU
		{FC578926-2462-4726-9EE4-34CB581D59B8}.Debug|Any CPU.ActiveCfg = Debug|Any CPU
		{FC578926-2462-4726-9EE4-34CB581D59B8}.Debug|Any CPU.Build.0 = Debug|Any CPU
		{FC578926-2462-4726-9EE4-34CB581D59B8}.Release|Any CPU.ActiveCfg = Release|Any CPU
		{FC578926-2462-4726-9EE4-34CB581D59B8}.Release|Any CPU.Build.0 = Release|Any CPU
	EndGlobalSection
	GlobalSection(SolutionProperties) = preSolution
		HideSolutionNode = FALSE
	EndGlobalSection
	GlobalSection(ExtensibilityGlobals) = postSolution
		SolutionGuid = {AD84CFAD-608D-4910-A25A-3C1B2E0FB22C}
	EndGlobalSection
EndGlobal
